
Microsoft Visual Studio Solution File, Format Version 12.00
# Visual Studio Version 17
VisualStudioVersion = 17.12.35506.116 d17.12
MinimumVisualStudioVersion = 10.0.40219.1
Project("{FAE04EC0-301F-11D3-BF4B-00C04F79EFBC}") = "SIAirSystem.Server", "SIAirSystem.Server\SIAirSystem.Server.csproj", "{EBD85EC6-AB22-4131-AB9B-2DB1B4263A2B}"
EndProject
Project("{54A90642-561A-4BB1-A94E-469ADEE60C69}") = "siairsystem.client", "siairsystem.client\siairsystem.client.esproj", "{706BACC9-FD26-4B26-B148-631E9D27FED8}"
EndProject
Global
	GlobalSection(SolutionConfigurationPlatforms) = preSolution
		Debug|Any CPU = Debug|Any CPU
		Release|Any CPU = Release|Any CPU
	EndGlobalSection
	GlobalSection(ProjectConfigurationPlatforms) = postSolution
		{EBD85EC6-AB22-4131-AB9B-2DB1B4263A2B}.Debug|Any CPU.ActiveCfg = Debug|Any CPU
		{EBD85EC6-AB22-4131-AB9B-2DB1B4263A2B}.Debug|Any CPU.Build.0 = Debug|Any CPU
		{EBD85EC6-AB22-4131-AB9B-2DB1B4263A2B}.Release|Any CPU.ActiveCfg = Release|Any CPU
		{EBD85EC6-AB22-4131-AB9B-2DB1B4263A2B}.Release|Any CPU.Build.0 = Release|Any CPU
		{706BACC9-FD26-4B26-B148-631E9D27FED8}.Debug|Any CPU.ActiveCfg = Debug|Any CPU
		{706BACC9-FD26-4B26-B148-631E9D27FED8}.Debug|Any CPU.Build.0 = Debug|Any CPU
		{706BACC9-FD26-4B26-B148-631E9D27FED8}.Debug|Any CPU.Deploy.0 = Debug|Any CPU
		{706BACC9-FD26-4B26-B148-631E9D27FED8}.Release|Any CPU.ActiveCfg = Release|Any CPU
		{706BACC9-FD26-4B26-B148-631E9D27FED8}.Release|Any CPU.Build.0 = Release|Any CPU
		{706BACC9-FD26-4B26-B148-631E9D27FED8}.Release|Any CPU.Deploy.0 = Release|Any CPU
	EndGlobalSection
	GlobalSection(SolutionProperties) = preSolution
		HideSolutionNode = FALSE
	EndGlobalSection
EndGlobal
